
Microsoft Visual Studio Solution File, Format Version 12.00
# Visual Studio Version 16
VisualStudioVersion = 16.0.30907.101
MinimumVisualStudioVersion = 10.0.40219.1
Project("{888888A0-9F3D-457C-B088-3A5042F75D52}") = "ShortestPath", "ShortestPath\ShortestPath.pyproj", "{CA8CCF1B-DE78-4FC7-8820-300F3070E08C}"
EndProject
Global
	GlobalSection(SolutionConfigurationPlatforms) = preSolution
		Debug|Any CPU = Debug|Any CPU
		Release|Any CPU = Release|Any CPU
	EndGlobalSection
	GlobalSection(ProjectConfigurationPlatforms) = postSolution
		{CA8CCF1B-DE78-4FC7-8820-300F3070E08C}.Debug|Any CPU.ActiveCfg = Debug|Any CPU
		{CA8CCF1B-DE78-4FC7-8820-300F3070E08C}.Release|Any CPU.ActiveCfg = Release|Any CPU
	EndGlobalSection
	GlobalSection(SolutionProperties) = preSolution
		HideSolutionNode = FALSE
	EndGlobalSection
	GlobalSection(ExtensibilityGlobals) = postSolution
		SolutionGuid = {C25697CB-5825-45A0-894D-A6D2C277EAF4}
	EndGlobalSection
EndGlobal
